[root]
name = "change-volume-of-active"
version = "0.1.0"
dependencies = [
 "libc 0.2.17 (registry+https://github.com/rust-lang/crates.io-index)",
 "libpulse-sys 0.0.0 (registry+https://github.com/rust-lang/crates.io-index)",
 "xcb 0.7.5 (registry+https://github.com/rust-lang/crates.io-index)",
 "xcb-util 0.1.6 (registry+https://github.com/rust-lang/crates.io-index)",
]

[[package]]
name = "libc"
version = "0.2.17"
source = "registry+https://github.com/rust-lang/crates.io-index"

[[package]]
name = "libpulse-sys"
version = "0.0.0"
source = "registry+https://github.com/rust-lang/crates.io-index"
dependencies = [
 "libc 0.2.17 (registry+https://github.com/rust-lang/crates.io-index)",
]

[[package]]
name = "log"
version = "0.3.6"
source = "registry+https://github.com/rust-lang/crates.io-index"

[[package]]
name = "xcb"
version = "0.7.5"
source = "registry+https://github.com/rust-lang/crates.io-index"
dependencies = [
 "libc 0.2.17 (registry+https://github.com/rust-lang/crates.io-index)",
 "log 0.3.6 (registry+https://github.com/rust-lang/crates.io-index)",
]

[[package]]
name = "xcb-util"
version = "0.1.6"
source = "registry+https://github.com/rust-lang/crates.io-index"
dependencies = [
 "libc 0.2.17 (registry+https://github.com/rust-lang/crates.io-index)",
 "xcb 0.7.5 (registry+https://github.com/rust-lang/crates.io-index)",
]

[metadata]
"checksum libc 0.2.17 (registry+https://github.com/rust-lang/crates.io-index)" = "044d1360593a78f5c8e5e710beccdc24ab71d1f01bc19a29bcacdba22e8475d8"
"checksum libpulse-sys 0.0.0 (registry+https://github.com/rust-lang/crates.io-index)" = "9bb11b06faf883500c1b625cf4453e6c7737e9df9c7ba01df3f84b22b083e4ac"
"checksum log 0.3.6 (registry+https://github.com/rust-lang/crates.io-index)" = "ab83497bf8bf4ed2a74259c1c802351fcd67a65baa86394b6ba73c36f4838054"
"checksum xcb 0.7.5 (registry+https://github.com/rust-lang/crates.io-index)" = "1c11f0c9b43ff9517e7c57e3bb8f44242f8a90d233c61aa7fba51d0b61dc3093"
"checksum xcb-util 0.1.6 (registry+https://github.com/rust-lang/crates.io-index)" = "9c3e1728a9b0b82e3e38ce7092270a015c3421683c3654cfb6bb99b47e48e54b"
